
Microsoft Visual Studio Solution File, Format Version 12.00
# Visual Studio Version 18
VisualStudioVersion = 18.5.11716.220
MinimumVisualStudioVersion = 10.0.40219.1
Project("{FAE04EC0-301F-11D3-BF4B-00C04F79EFBC}") = "Ecom.Gateway", "gateway\Ecom.Gateway\Ecom.Gateway.csproj", "{79A29B87-31DA-4F02-8945-65216E4A6344}"
EndProject
Project("{FAE04EC0-301F-11D3-BF4B-00C04F79EFBC}") = "Ecom.Shared.Contracts", "shared\Contracts\Ecom.Shared.Contracts.csproj", "{45A8C9B6-52EC-4BF0-B649-5950EFB1CB13}"
EndProject
Project("{FAE04EC0-301F-11D3-BF4B-00C04F79EFBC}") = "Ecom.Shared.Infrastructure", "shared\Infrastructure\Ecom.Shared.Infrastructure.csproj", "{B8F3D2A1-7C4E-4D9F-A2B3-1E5F6C8D9A0B}"
EndProject
Project("{2150E333-8FDC-42A3-9474-1A3956D46DE8}") = "services", "services", "{5854FF58-B8C5-05C6-5BF2-ACE42193F22B}"
EndProject
Project("{2150E333-8FDC-42A3-9474-1A3956D46DE8}") = "Ecom.Auth", "Ecom.Auth", "{70862A32-B46D-D17D-2CA0-681382A1F33E}"
EndProject
Project("{FAE04EC0-301F-11D3-BF4B-00C04F79EFBC}") = "Ecom.Auth.API", "services\Ecom.Auth\Ecom.Auth.API\Ecom.Auth.API.csproj", "{B349B62F-8411-4100-8360-6551A277183C}"
EndProject
Project("{FAE04EC0-301F-11D3-BF4B-00C04F79EFBC}") = "Ecom.Auth.Application", "services\Ecom.Auth\Ecom.Auth.Application\Ecom.Auth.Application.csproj", "{EB7D9A22-4A70-4EDB-B7F3-4FB053B108DD}"
EndProject
Project("{FAE04EC0-301F-11D3-BF4B-00C04F79EFBC}") = "Ecom.Auth.Domain", "services\Ecom.Auth\Ecom.Auth.Domain\Ecom.Auth.Domain.csproj", "{77C08F78-08AD-4525-8380-B202E59D6B89}"
EndProject
Project("{2150E333-8FDC-42A3-9474-1A3956D46DE8}") = "shared", "shared", "{4F52FD11-658E-A102-6CD3-7D7C16FFA15B}"
EndProject
Project("{2150E333-8FDC-42A3-9474-1A3956D46DE8}") = "Contracts", "Contracts", "{85E3A286-880E-ADB0-5CF2-3F1BDB3A4229}"
EndProject
Project("{FAE04EC0-301F-11D3-BF4B-00C04F79EFBC}") = "Ecom.Auth.Infrastructure", "services\Ecom.Auth\Ecom.Auth.Infrastructure\Ecom.Auth.Infrastructure.csproj", "{53047D5F-0E09-4172-BEDC-DD30A2F93905}"
EndProject
Project("{2150E333-8FDC-42A3-9474-1A3956D46DE8}") = "Infrastructure", "Infrastructure", "{80116189-D5F9-D6EC-C98D-5F7DB2F1B3A1}"
EndProject
Project("{2150E333-8FDC-42A3-9474-1A3956D46DE8}") = "Ecom.Catalog", "Ecom.Catalog", "{14012469-413C-EC96-4B82-6FF41C8EFF15}"
EndProject
Project("{FAE04EC0-301F-11D3-BF4B-00C04F79EFBC}") = "Ecom.Catalog.API", "services\Ecom.Catalog\Ecom.Catalog.API\Ecom.Catalog.API.csproj", "{8D947A13-F4D6-4913-8CC2-8674BC4E358C}"
EndProject
Project("{FAE04EC0-301F-11D3-BF4B-00C04F79EFBC}") = "Ecom.Catalog.Application", "services\Ecom.Catalog\Ecom.Catalog.Application\Ecom.Catalog.Application.csproj", "{C7B8AEDA-B105-4283-9682-F118692F4539}"
EndProject
Project("{FAE04EC0-301F-11D3-BF4B-00C04F79EFBC}") = "Ecom.Catalog.Domain", "services\Ecom.Catalog\Ecom.Catalog.Domain\Ecom.Catalog.Domain.csproj", "{84FABC57-E7D3-4049-A8CE-B9004E97867F}"
EndProject
Project("{FAE04EC0-301F-11D3-BF4B-00C04F79EFBC}") = "Ecom.Catalog.Infrastructure", "services\Ecom.Catalog\Ecom.Catalog.Infrastructure\Ecom.Catalog.Infrastructure.csproj", "{642139FC-C98C-447F-8F63-D3EE034D1DAC}"
EndProject
Project("{2150E333-8FDC-42A3-9474-1A3956D46DE8}") = "Ecom.Notification", "Ecom.Notification", "{9CE33038-EE04-D826-E8A4-4E6CC46E0039}"
EndProject
Project("{FAE04EC0-301F-11D3-BF4B-00C04F79EFBC}") = "Ecom.Notification.API", "services\Ecom.Notification\Ecom.Notification.API\Ecom.Notification.API.csproj", "{F36F8B15-17B0-463A-9C5F-36A5937D231E}"
EndProject
Project("{FAE04EC0-301F-11D3-BF4B-00C04F79EFBC}") = "Ecom.Notification.Application", "services\Ecom.Notification\Ecom.Notification.Application\Ecom.Notification.Application.csproj", "{E52FCD47-D251-49A9-9104-E7BDBA877A45}"
EndProject
Project("{FAE04EC0-301F-11D3-BF4B-00C04F79EFBC}") = "Ecom.Notification.Domain", "services\Ecom.Notification\Ecom.Notification.Domain\Ecom.Notification.Domain.csproj", "{D385794E-2D09-4C98-BD10-304F59C889FB}"
EndProject
Project("{FAE04EC0-301F-11D3-BF4B-00C04F79EFBC}") = "Ecom.Notification.Infrastructure", "services\Ecom.Notification\Ecom.Notification.Infrastructure\Ecom.Notification.Infrastructure.csproj", "{E8D8D8F4-864C-4886-B387-113BFC5416CA}"
EndProject
Project("{2150E333-8FDC-42A3-9474-1A3956D46DE8}") = "Ecom.Reporting", "Ecom.Reporting", "{4740E5FA-A2A4-84FB-DF21-6764C31F1CEA}"
EndProject
Project("{FAE04EC0-301F-11D3-BF4B-00C04F79EFBC}") = "Ecom.Reporting.API", "services\Ecom.Reporting\Ecom.Reporting.API\Ecom.Reporting.API.csproj", "{9EBC2F13-7F7F-4A49-BC0A-71544C713BC1}"
EndProject
Project("{FAE04EC0-301F-11D3-BF4B-00C04F79EFBC}") = "Ecom.Reporting.Application", "services\Ecom.Reporting\Ecom.Reporting.Application\Ecom.Reporting.Application.csproj", "{AACE73D2-51A8-447E-AAD5-3D64FBA96C8C}"
EndProject
Project("{FAE04EC0-301F-11D3-BF4B-00C04F79EFBC}") = "Ecom.Reporting.Domain", "services\Ecom.Reporting\Ecom.Reporting.Domain\Ecom.Reporting.Domain.csproj", "{21589FA6-F58F-4E05-9C11-F16AD18F602F}"
EndProject
Project("{FAE04EC0-301F-11D3-BF4B-00C04F79EFBC}") = "Ecom.Reporting.Infrastructure", "services\Ecom.Reporting\Ecom.Reporting.Infrastructure\Ecom.Reporting.Infrastructure.csproj", "{B932F7A5-85EB-48FE-9C44-91C6C6002247}"
EndProject
Project("{2150E333-8FDC-42A3-9474-1A3956D46DE8}") = "Ecom.Workflow", "Ecom.Workflow", "{2F30F69F-5640-A864-2988-55B25EB7E9A0}"
EndProject
Project("{FAE04EC0-301F-11D3-BF4B-00C04F79EFBC}") = "Ecom.Workflow.API", "services\Ecom.Workflow\Ecom.Workflow.API\Ecom.Workflow.API.csproj", "{E10A961F-BDA8-4BCD-870E-AABECF84F22B}"
EndProject
Project("{FAE04EC0-301F-11D3-BF4B-00C04F79EFBC}") = "Ecom.Workflow.Application", "services\Ecom.Workflow\Ecom.Workflow.Application\Ecom.Workflow.Application.csproj", "{AD0C8690-291E-446F-928D-B1F6C0361202}"
EndProject
Project("{FAE04EC0-301F-11D3-BF4B-00C04F79EFBC}") = "Ecom.Workflow.Domain", "services\Ecom.Workflow\Ecom.Workflow.Domain\Ecom.Workflow.Domain.csproj", "{6273B08F-6544-415A-BED2-5A260BCE6BF6}"
EndProject
Project("{FAE04EC0-301F-11D3-BF4B-00C04F79EFBC}") = "Ecom.Workflow.Infrastructure", "services\Ecom.Workflow\Ecom.Workflow.Infrastructure\Ecom.Workflow.Infrastructure.csproj", "{AAB34FB0-8383-49E9-AB8F-8108F06DAD04}"
EndProject
Global
	GlobalSection(SolutionConfigurationPlatforms) = preSolution
		Debug|Any CPU = Debug|Any CPU
		Debug|x64 = Debug|x64
		Debug|x86 = Debug|x86
		Release|Any CPU = Release|Any CPU
		Release|x64 = Release|x64
		Release|x86 = Release|x86
	EndGlobalSection
	GlobalSection(ProjectConfigurationPlatforms) = postSolution
		{79A29B87-31DA-4F02-8945-65216E4A6344}.Debug|Any CPU.ActiveCfg = Debug|Any CPU
		{79A29B87-31DA-4F02-8945-65216E4A6344}.Debug|Any CPU.Build.0 = Debug|Any CPU
		{79A29B87-31DA-4F02-8945-65216E4A6344}.Debug|x64.ActiveCfg = Debug|Any CPU
		{79A29B87-31DA-4F02-8945-65216E4A6344}.Debug|x64.Build.0 = Debug|Any CPU
		{79A29B87-31DA-4F02-8945-65216E4A6344}.Debug|x86.ActiveCfg = Debug|Any CPU
		{79A29B87-31DA-4F02-8945-65216E4A6344}.Debug|x86.Build.0 = Debug|Any CPU
		{79A29B87-31DA-4F02-8945-65216E4A6344}.Release|Any CPU.ActiveCfg = Release|Any CPU
		{79A29B87-31DA-4F02-8945-65216E4A6344}.Release|Any CPU.Build.0 = Release|Any CPU
		{79A29B87-31DA-4F02-8945-65216E4A6344}.Release|x64.ActiveCfg = Release|Any CPU
		{79A29B87-31DA-4F02-8945-65216E4A6344}.Release|x64.Build.0 = Release|Any CPU
		{79A29B87-31DA-4F02-8945-65216E4A6344}.Release|x86.ActiveCfg = Release|Any CPU
		{79A29B87-31DA-4F02-8945-65216E4A6344}.Release|x86.Build.0 = Release|Any CPU
		{45A8C9B6-52EC-4BF0-B649-5950EFB1CB13}.Debug|Any CPU.ActiveCfg = Debug|Any CPU
		{45A8C9B6-52EC-4BF0-B649-5950EFB1CB13}.Debug|Any CPU.Build.0 = Debug|Any CPU
		{45A8C9B6-52EC-4BF0-B649-5950EFB1CB13}.Debug|x64.ActiveCfg = Debug|Any CPU
		{45A8C9B6-52EC-4BF0-B649-5950EFB1CB13}.Debug|x64.Build.0 = Debug|Any CPU
		{45A8C9B6-52EC-4BF0-B649-5950EFB1CB13}.Debug|x86.ActiveCfg = Debug|Any CPU
		{45A8C9B6-52EC-4BF0-B649-5950EFB1CB13}.Debug|x86.Build.0 = Debug|Any CPU
		{45A8C9B6-52EC-4BF0-B649-5950EFB1CB13}.Release|Any CPU.ActiveCfg = Release|Any CPU
		{45A8C9B6-52EC-4BF0-B649-5950EFB1CB13}.Release|Any CPU.Build.0 = Release|Any CPU
		{45A8C9B6-52EC-4BF0-B649-5950EFB1CB13}.Release|x64.ActiveCfg = Release|Any CPU
		{45A8C9B6-52EC-4BF0-B649-5950EFB1CB13}.Release|x64.Build.0 = Release|Any CPU
		{45A8C9B6-52EC-4BF0-B649-5950EFB1CB13}.Release|x86.ActiveCfg = Release|Any CPU
		{45A8C9B6-52EC-4BF0-B649-5950EFB1CB13}.Release|x86.Build.0 = Release|Any CPU
		{B8F3D2A1-7C4E-4D9F-A2B3-1E5F6C8D9A0B}.Debug|Any CPU.ActiveCfg = Debug|Any CPU
		{B8F3D2A1-7C4E-4D9F-A2B3-1E5F6C8D9A0B}.Debug|Any CPU.Build.0 = Debug|Any CPU
		{B8F3D2A1-7C4E-4D9F-A2B3-1E5F6C8D9A0B}.Debug|x64.ActiveCfg = Debug|Any CPU
		{B8F3D2A1-7C4E-4D9F-A2B3-1E5F6C8D9A0B}.Debug|x64.Build.0 = Debug|Any CPU
		{B8F3D2A1-7C4E-4D9F-A2B3-1E5F6C8D9A0B}.Debug|x86.ActiveCfg = Debug|Any CPU
		{B8F3D2A1-7C4E-4D9F-A2B3-1E5F6C8D9A0B}.Debug|x86.Build.0 = Debug|Any CPU
		{B8F3D2A1-7C4E-4D9F-A2B3-1E5F6C8D9A0B}.Release|Any CPU.ActiveCfg = Release|Any CPU
		{B8F3D2A1-7C4E-4D9F-A2B3-1E5F6C8D9A0B}.Release|Any CPU.Build.0 = Release|Any CPU
		{B8F3D2A1-7C4E-4D9F-A2B3-1E5F6C8D9A0B}.Release|x64.ActiveCfg = Release|Any CPU
		{B8F3D2A1-7C4E-4D9F-A2B3-1E5F6C8D9A0B}.Release|x64.Build.0 = Release|Any CPU
		{B8F3D2A1-7C4E-4D9F-A2B3-1E5F6C8D9A0B}.Release|x86.ActiveCfg = Release|Any CPU
		{B8F3D2A1-7C4E-4D9F-A2B3-1E5F6C8D9A0B}.Release|x86.Build.0 = Release|Any CPU
		{B349B62F-8411-4100-8360-6551A277183C}.Debug|Any CPU.ActiveCfg = Debug|Any CPU
		{B349B62F-8411-4100-8360-6551A277183C}.Debug|Any CPU.Build.0 = Debug|Any CPU
		{B349B62F-8411-4100-8360-6551A277183C}.Debug|x64.ActiveCfg = Debug|Any CPU
		{B349B62F-8411-4100-8360-6551A277183C}.Debug|x64.Build.0 = Debug|Any CPU
		{B349B62F-8411-4100-8360-6551A277183C}.Debug|x86.ActiveCfg = Debug|Any CPU
		{B349B62F-8411-4100-8360-6551A277183C}.Debug|x86.Build.0 = Debug|Any CPU
		{B349B62F-8411-4100-8360-6551A277183C}.Release|Any CPU.ActiveCfg = Release|Any CPU
		{B349B62F-8411-4100-8360-6551A277183C}.Release|Any CPU.Build.0 = Release|Any CPU
		{B349B62F-8411-4100-8360-6551A277183C}.Release|x64.ActiveCfg = Release|Any CPU
		{B349B62F-8411-4100-8360-6551A277183C}.Release|x64.Build.0 = Release|Any CPU
		{B349B62F-8411-4100-8360-6551A277183C}.Release|x86.ActiveCfg = Release|Any CPU
		{B349B62F-8411-4100-8360-6551A277183C}.Release|x86.Build.0 = Release|Any CPU
		{EB7D9A22-4A70-4EDB-B7F3-4FB053B108DD}.Debug|Any CPU.ActiveCfg = Debug|Any CPU
		{EB7D9A22-4A70-4EDB-B7F3-4FB053B108DD}.Debug|Any CPU.Build.0 = Debug|Any CPU
		{EB7D9A22-4A70-4EDB-B7F3-4FB053B108DD}.Debug|x64.ActiveCfg = Debug|Any CPU
		{EB7D9A22-4A70-4EDB-B7F3-4FB053B108DD}.Debug|x64.Build.0 = Debug|Any CPU
		{EB7D9A22-4A70-4EDB-B7F3-4FB053B108DD}.Debug|x86.ActiveCfg = Debug|Any CPU
		{EB7D9A22-4A70-4EDB-B7F3-4FB053B108DD}.Debug|x86.Build.0 = Debug|Any CPU
		{EB7D9A22-4A70-4EDB-B7F3-4FB053B108DD}.Release|Any CPU.ActiveCfg = Release|Any CPU
		{EB7D9A22-4A70-4EDB-B7F3-4FB053B108DD}.Release|Any CPU.Build.0 = Release|Any CPU
		{EB7D9A22-4A70-4EDB-B7F3-4FB053B108DD}.Release|x64.ActiveCfg = Release|Any CPU
		{EB7D9A22-4A70-4EDB-B7F3-4FB053B108DD}.Release|x64.Build.0 = Release|Any CPU
		{EB7D9A22-4A70-4EDB-B7F3-4FB053B108DD}.Release|x86.ActiveCfg = Release|Any CPU
		{EB7D9A22-4A70-4EDB-B7F3-4FB053B108DD}.Release|x86.Build.0 = Release|Any CPU
		{77C08F78-08AD-4525-8380-B202E59D6B89}.Debug|Any CPU.ActiveCfg = Debug|Any CPU
		{77C08F78-08AD-4525-8380-B202E59D6B89}.Debug|Any CPU.Build.0 = Debug|Any CPU
		{77C08F78-08AD-4525-8380-B202E59D6B89}.Debug|x64.ActiveCfg = Debug|Any CPU
		{77C08F78-08AD-4525-8380-B202E59D6B89}.Debug|x64.Build.0 = Debug|Any CPU
		{77C08F78-08AD-4525-8380-B202E59D6B89}.Debug|x86.ActiveCfg = Debug|Any CPU
		{77C08F78-08AD-4525-8380-B202E59D6B89}.Debug|x86.Build.0 = Debug|Any CPU
		{77C08F78-08AD-4525-8380-B202E59D6B89}.Release|Any CPU.ActiveCfg = Release|Any CPU
		{77C08F78-08AD-4525-8380-B202E59D6B89}.Release|Any CPU.Build.0 = Release|Any CPU
		{77C08F78-08AD-4525-8380-B202E59D6B89}.Release|x64.ActiveCfg = Release|Any CPU
		{77C08F78-08AD-4525-8380-B202E59D6B89}.Release|x64.Build.0 = Release|Any CPU
		{77C08F78-08AD-4525-8380-B202E59D6B89}.Release|x86.ActiveCfg = Release|Any CPU
		{77C08F78-08AD-4525-8380-B202E59D6B89}.Release|x86.Build.0 = Release|Any CPU
		{53047D5F-0E09-4172-BEDC-DD30A2F93905}.Debug|Any CPU.ActiveCfg = Debug|Any CPU
		{53047D5F-0E09-4172-BEDC-DD30A2F93905}.Debug|Any CPU.Build.0 = Debug|Any CPU
		{53047D5F-0E09-4172-BEDC-DD30A2F93905}.Debug|x64.ActiveCfg = Debug|Any CPU
		{53047D5F-0E09-4172-BEDC-DD30A2F93905}.Debug|x64.Build.0 = Debug|Any CPU
		{53047D5F-0E09-4172-BEDC-DD30A2F93905}.Debug|x86.ActiveCfg = Debug|Any CPU
		{53047D5F-0E09-4172-BEDC-DD30A2F93905}.Debug|x86.Build.0 = Debug|Any CPU
		{53047D5F-0E09-4172-BEDC-DD30A2F93905}.Release|Any CPU.ActiveCfg = Release|Any CPU
		{53047D5F-0E09-4172-BEDC-DD30A2F93905}.Release|Any CPU.Build.0 = Release|Any CPU
		{53047D5F-0E09-4172-BEDC-DD30A2F93905}.Release|x64.ActiveCfg = Release|Any CPU
		{53047D5F-0E09-4172-BEDC-DD30A2F93905}.Release|x64.Build.0 = Release|Any CPU
		{53047D5F-0E09-4172-BEDC-DD30A2F93905}.Release|x86.ActiveCfg = Release|Any CPU
		{53047D5F-0E09-4172-BEDC-DD30A2F93905}.Release|x86.Build.0 = Release|Any CPU
		{8D947A13-F4D6-4913-8CC2-8674BC4E358C}.Debug|Any CPU.ActiveCfg = Debug|Any CPU
		{8D947A13-F4D6-4913-8CC2-8674BC4E358C}.Debug|Any CPU.Build.0 = Debug|Any CPU
		{8D947A13-F4D6-4913-8CC2-8674BC4E358C}.Debug|x64.ActiveCfg = Debug|Any CPU
		{8D947A13-F4D6-4913-8CC2-8674BC4E358C}.Debug|x64.Build.0 = Debug|Any CPU
		{8D947A13-F4D6-4913-8CC2-8674BC4E358C}.Debug|x86.ActiveCfg = Debug|Any CPU
		{8D947A13-F4D6-4913-8CC2-8674BC4E358C}.Debug|x86.Build.0 = Debug|Any CPU
		{8D947A13-F4D6-4913-8CC2-8674BC4E358C}.Release|Any CPU.ActiveCfg = Release|Any CPU
		{8D947A13-F4D6-4913-8CC2-8674BC4E358C}.Release|Any CPU.Build.0 = Release|Any CPU
		{8D947A13-F4D6-4913-8CC2-8674BC4E358C}.Release|x64.ActiveCfg = Release|Any CPU
		{8D947A13-F4D6-4913-8CC2-8674BC4E358C}.Release|x64.Build.0 = Release|Any CPU
		{8D947A13-F4D6-4913-8CC2-8674BC4E358C}.Release|x86.ActiveCfg = Release|Any CPU
		{8D947A13-F4D6-4913-8CC2-8674BC4E358C}.Release|x86.Build.0 = Release|Any CPU
		{C7B8AEDA-B105-4283-9682-F118692F4539}.Debug|Any CPU.ActiveCfg = Debug|Any CPU
		{C7B8AEDA-B105-4283-9682-F118692F4539}.Debug|Any CPU.Build.0 = Debug|Any CPU
		{C7B8AEDA-B105-4283-9682-F118692F4539}.Debug|x64.ActiveCfg = Debug|Any CPU
		{C7B8AEDA-B105-4283-9682-F118692F4539}.Debug|x64.Build.0 = Debug|Any CPU
		{C7B8AEDA-B105-4283-9682-F118692F4539}.Debug|x86.ActiveCfg = Debug|Any CPU
		{C7B8AEDA-B105-4283-9682-F118692F4539}.Debug|x86.Build.0 = Debug|Any CPU
		{C7B8AEDA-B105-4283-9682-F118692F4539}.Release|Any CPU.ActiveCfg = Release|Any CPU
		{C7B8AEDA-B105-4283-9682-F118692F4539}.Release|Any CPU.Build.0 = Release|Any CPU
		{C7B8AEDA-B105-4283-9682-F118692F4539}.Release|x64.ActiveCfg = Release|Any CPU
		{C7B8AEDA-B105-4283-9682-F118692F4539}.Release|x64.Build.0 = Release|Any CPU
		{C7B8AEDA-B105-4283-9682-F118692F4539}.Release|x86.ActiveCfg = Release|Any CPU
		{C7B8AEDA-B105-4283-9682-F118692F4539}.Release|x86.Build.0 = Release|Any CPU
		{84FABC57-E7D3-4049-A8CE-B9004E97867F}.Debug|Any CPU.ActiveCfg = Debug|Any CPU
		{84FABC57-E7D3-4049-A8CE-B9004E97867F}.Debug|Any CPU.Build.0 = Debug|Any CPU
		{84FABC57-E7D3-4049-A8CE-B9004E97867F}.Debug|x64.ActiveCfg = Debug|Any CPU
		{84FABC57-E7D3-4049-A8CE-B9004E97867F}.Debug|x64.Build.0 = Debug|Any CPU
		{84FABC57-E7D3-4049-A8CE-B9004E97867F}.Debug|x86.ActiveCfg = Debug|Any CPU
		{84FABC57-E7D3-4049-A8CE-B9004E97867F}.Debug|x86.Build.0 = Debug|Any CPU
		{84FABC57-E7D3-4049-A8CE-B9004E97867F}.Release|Any CPU.ActiveCfg = Release|Any CPU
		{84FABC57-E7D3-4049-A8CE-B9004E97867F}.Release|Any CPU.Build.0 = Release|Any CPU
		{84FABC57-E7D3-4049-A8CE-B9004E97867F}.Release|x64.ActiveCfg = Release|Any CPU
		{84FABC57-E7D3-4049-A8CE-B9004E97867F}.Release|x64.Build.0 = Release|Any CPU
		{84FABC57-E7D3-4049-A8CE-B9004E97867F}.Release|x86.ActiveCfg = Release|Any CPU
		{84FABC57-E7D3-4049-A8CE-B9004E97867F}.Release|x86.Build.0 = Release|Any CPU
		{642139FC-C98C-447F-8F63-D3EE034D1DAC}.Debug|Any CPU.ActiveCfg = Debug|Any CPU
		{642139FC-C98C-447F-8F63-D3EE034D1DAC}.Debug|Any CPU.Build.0 = Debug|Any CPU
		{642139FC-C98C-447F-8F63-D3EE034D1DAC}.Debug|x64.ActiveCfg = Debug|Any CPU
		{642139FC-C98C-447F-8F63-D3EE034D1DAC}.Debug|x64.Build.0 = Debug|Any CPU
		{642139FC-C98C-447F-8F63-D3EE034D1DAC}.Debug|x86.ActiveCfg = Debug|Any CPU
		{642139FC-C98C-447F-8F63-D3EE034D1DAC}.Debug|x86.Build.0 = Debug|Any CPU
		{642139FC-C98C-447F-8F63-D3EE034D1DAC}.Release|Any CPU.ActiveCfg = Release|Any CPU
		{642139FC-C98C-447F-8F63-D3EE034D1DAC}.Release|Any CPU.Build.0 = Release|Any CPU
		{642139FC-C98C-447F-8F63-D3EE034D1DAC}.Release|x64.ActiveCfg = Release|Any CPU
		{642139FC-C98C-447F-8F63-D3EE034D1DAC}.Release|x64.Build.0 = Release|Any CPU
		{642139FC-C98C-447F-8F63-D3EE034D1DAC}.Release|x86.ActiveCfg = Release|Any CPU
		{642139FC-C98C-447F-8F63-D3EE034D1DAC}.Release|x86.Build.0 = Release|Any CPU
		{F36F8B15-17B0-463A-9C5F-36A5937D231E}.Debug|Any CPU.ActiveCfg = Debug|Any CPU
		{F36F8B15-17B0-463A-9C5F-36A5937D231E}.Debug|Any CPU.Build.0 = Debug|Any CPU
		{F36F8B15-17B0-463A-9C5F-36A5937D231E}.Debug|x64.ActiveCfg = Debug|Any CPU
		{F36F8B15-17B0-463A-9C5F-36A5937D231E}.Debug|x64.Build.0 = Debug|Any CPU
		{F36F8B15-17B0-463A-9C5F-36A5937D231E}.Debug|x86.ActiveCfg = Debug|Any CPU
		{F36F8B15-17B0-463A-9C5F-36A5937D231E}.Debug|x86.Build.0 = Debug|Any CPU
		{F36F8B15-17B0-463A-9C5F-36A5937D231E}.Release|Any CPU.ActiveCfg = Release|Any CPU
		{F36F8B15-17B0-463A-9C5F-36A5937D231E}.Release|Any CPU.Build.0 = Release|Any CPU
		{F36F8B15-17B0-463A-9C5F-36A5937D231E}.Release|x64.ActiveCfg = Release|Any CPU
		{F36F8B15-17B0-463A-9C5F-36A5937D231E}.Release|x64.Build.0 = Release|Any CPU
		{F36F8B15-17B0-463A-9C5F-36A5937D231E}.Release|x86.ActiveCfg = Release|Any CPU
		{F36F8B15-17B0-463A-9C5F-36A5937D231E}.Release|x86.Build.0 = Release|Any CPU
		{E52FCD47-D251-49A9-9104-E7BDBA877A45}.Debug|Any CPU.ActiveCfg = Debug|Any CPU
		{E52FCD47-D251-49A9-9104-E7BDBA877A45}.Debug|Any CPU.Build.0 = Debug|Any CPU
		{E52FCD47-D251-49A9-9104-E7BDBA877A45}.Debug|x64.ActiveCfg = Debug|Any CPU
		{E52FCD47-D251-49A9-9104-E7BDBA877A45}.Debug|x64.Build.0 = Debug|Any CPU
		{E52FCD47-D251-49A9-9104-E7BDBA877A45}.Debug|x86.ActiveCfg = Debug|Any CPU
		{E52FCD47-D251-49A9-9104-E7BDBA877A45}.Debug|x86.Build.0 = Debug|Any CPU
		{E52FCD47-D251-49A9-9104-E7BDBA877A45}.Release|Any CPU.ActiveCfg = Release|Any CPU
		{E52FCD47-D251-49A9-9104-E7BDBA877A45}.Release|Any CPU.Build.0 = Release|Any CPU
		{E52FCD47-D251-49A9-9104-E7BDBA877A45}.Release|x64.ActiveCfg = Release|Any CPU
		{E52FCD47-D251-49A9-9104-E7BDBA877A45}.Release|x64.Build.0 = Release|Any CPU
		{E52FCD47-D251-49A9-9104-E7BDBA877A45}.Release|x86.ActiveCfg = Release|Any CPU
		{E52FCD47-D251-49A9-9104-E7BDBA877A45}.Release|x86.Build.0 = Release|Any CPU
		{D385794E-2D09-4C98-BD10-304F59C889FB}.Debug|Any CPU.ActiveCfg = Debug|Any CPU
		{D385794E-2D09-4C98-BD10-304F59C889FB}.Debug|Any CPU.Build.0 = Debug|Any CPU
		{D385794E-2D09-4C98-BD10-304F59C889FB}.Debug|x64.ActiveCfg = Debug|Any CPU
		{D385794E-2D09-4C98-BD10-304F59C889FB}.Debug|x64.Build.0 = Debug|Any CPU
		{D385794E-2D09-4C98-BD10-304F59C889FB}.Debug|x86.ActiveCfg = Debug|Any CPU
		{D385794E-2D09-4C98-BD10-304F59C889FB}.Debug|x86.Build.0 = Debug|Any CPU
		{D385794E-2D09-4C98-BD10-304F59C889FB}.Release|Any CPU.ActiveCfg = Release|Any CPU
		{D385794E-2D09-4C98-BD10-304F59C889FB}.Release|Any CPU.Build.0 = Release|Any CPU
		{D385794E-2D09-4C98-BD10-304F59C889FB}.Release|x64.ActiveCfg = Release|Any CPU
		{D385794E-2D09-4C98-BD10-304F59C889FB}.Release|x64.Build.0 = Release|Any CPU
		{D385794E-2D09-4C98-BD10-304F59C889FB}.Release|x86.ActiveCfg = Release|Any CPU
		{D385794E-2D09-4C98-BD10-304F59C889FB}.Release|x86.Build.0 = Release|Any CPU
		{E8D8D8F4-864C-4886-B387-113BFC5416CA}.Debug|Any CPU.ActiveCfg = Debug|Any CPU
		{E8D8D8F4-864C-4886-B387-113BFC5416CA}.Debug|Any CPU.Build.0 = Debug|Any CPU
		{E8D8D8F4-864C-4886-B387-113BFC5416CA}.Debug|x64.ActiveCfg = Debug|Any CPU
		{E8D8D8F4-864C-4886-B387-113BFC5416CA}.Debug|x64.Build.0 = Debug|Any CPU
		{E8D8D8F4-864C-4886-B387-113BFC5416CA}.Debug|x86.ActiveCfg = Debug|Any CPU
		{E8D8D8F4-864C-4886-B387-113BFC5416CA}.Debug|x86.Build.0 = Debug|Any CPU
		{E8D8D8F4-864C-4886-B387-113BFC5416CA}.Release|Any CPU.ActiveCfg = Release|Any CPU
		{E8D8D8F4-864C-4886-B387-113BFC5416CA}.Release|Any CPU.Build.0 = Release|Any CPU
		{E8D8D8F4-864C-4886-B387-113BFC5416CA}.Release|x64.ActiveCfg = Release|Any CPU
		{E8D8D8F4-864C-4886-B387-113BFC5416CA}.Release|x64.Build.0 = Release|Any CPU
		{E8D8D8F4-864C-4886-B387-113BFC5416CA}.Release|x86.ActiveCfg = Release|Any CPU
		{E8D8D8F4-864C-4886-B387-113BFC5416CA}.Release|x86.Build.0 = Release|Any CPU
		{9EBC2F13-7F7F-4A49-BC0A-71544C713BC1}.Debug|Any CPU.ActiveCfg = Debug|Any CPU
		{9EBC2F13-7F7F-4A49-BC0A-71544C713BC1}.Debug|Any CPU.Build.0 = Debug|Any CPU
		{9EBC2F13-7F7F-4A49-BC0A-71544C713BC1}.Debug|x64.ActiveCfg = Debug|Any CPU
		{9EBC2F13-7F7F-4A49-BC0A-71544C713BC1}.Debug|x64.Build.0 = Debug|Any CPU
		{9EBC2F13-7F7F-4A49-BC0A-71544C713BC1}.Debug|x86.ActiveCfg = Debug|Any CPU
		{9EBC2F13-7F7F-4A49-BC0A-71544C713BC1}.Debug|x86.Build.0 = Debug|Any CPU
		{9EBC2F13-7F7F-4A49-BC0A-71544C713BC1}.Release|Any CPU.ActiveCfg = Release|Any CPU
		{9EBC2F13-7F7F-4A49-BC0A-71544C713BC1}.Release|Any CPU.Build.0 = Release|Any CPU
		{9EBC2F13-7F7F-4A49-BC0A-71544C713BC1}.Release|x64.ActiveCfg = Release|Any CPU
		{9EBC2F13-7F7F-4A49-BC0A-71544C713BC1}.Release|x64.Build.0 = Release|Any CPU
		{9EBC2F13-7F7F-4A49-BC0A-71544C713BC1}.Release|x86.ActiveCfg = Release|Any CPU
		{9EBC2F13-7F7F-4A49-BC0A-71544C713BC1}.Release|x86.Build.0 = Release|Any CPU
		{AACE73D2-51A8-447E-AAD5-3D64FBA96C8C}.Debug|Any CPU.ActiveCfg = Debug|Any CPU
		{AACE73D2-51A8-447E-AAD5-3D64FBA96C8C}.Debug|Any CPU.Build.0 = Debug|Any CPU
		{AACE73D2-51A8-447E-AAD5-3D64FBA96C8C}.Debug|x64.ActiveCfg = Debug|Any CPU
		{AACE73D2-51A8-447E-AAD5-3D64FBA96C8C}.Debug|x64.Build.0 = Debug|Any CPU
		{AACE73D2-51A8-447E-AAD5-3D64FBA96C8C}.Debug|x86.ActiveCfg = Debug|Any CPU
		{AACE73D2-51A8-447E-AAD5-3D64FBA96C8C}.Debug|x86.Build.0 = Debug|Any CPU
		{AACE73D2-51A8-447E-AAD5-3D64FBA96C8C}.Release|Any CPU.ActiveCfg = Release|Any CPU
		{AACE73D2-51A8-447E-AAD5-3D64FBA96C8C}.Release|Any CPU.Build.0 = Release|Any CPU
		{AACE73D2-51A8-447E-AAD5-3D64FBA96C8C}.Release|x64.ActiveCfg = Release|Any CPU
		{AACE73D2-51A8-447E-AAD5-3D64FBA96C8C}.Release|x64.Build.0 = Release|Any CPU
		{AACE73D2-51A8-447E-AAD5-3D64FBA96C8C}.Release|x86.ActiveCfg = Release|Any CPU
		{AACE73D2-51A8-447E-AAD5-3D64FBA96C8C}.Release|x86.Build.0 = Release|Any CPU
		{21589FA6-F58F-4E05-9C11-F16AD18F602F}.Debug|Any CPU.ActiveCfg = Debug|Any CPU
		{21589FA6-F58F-4E05-9C11-F16AD18F602F}.Debug|Any CPU.Build.0 = Debug|Any CPU
		{21589FA6-F58F-4E05-9C11-F16AD18F602F}.Debug|x64.ActiveCfg = Debug|Any CPU
		{21589FA6-F58F-4E05-9C11-F16AD18F602F}.Debug|x64.Build.0 = Debug|Any CPU
		{21589FA6-F58F-4E05-9C11-F16AD18F602F}.Debug|x86.ActiveCfg = Debug|Any CPU
		{21589FA6-F58F-4E05-9C11-F16AD18F602F}.Debug|x86.Build.0 = Debug|Any CPU
		{21589FA6-F58F-4E05-9C11-F16AD18F602F}.Release|Any CPU.ActiveCfg = Release|Any CPU
		{21589FA6-F58F-4E05-9C11-F16AD18F602F}.Release|Any CPU.Build.0 = Release|Any CPU
		{21589FA6-F58F-4E05-9C11-F16AD18F602F}.Release|x64.ActiveCfg = Release|Any CPU
		{21589FA6-F58F-4E05-9C11-F16AD18F602F}.Release|x64.Build.0 = Release|Any CPU
		{21589FA6-F58F-4E05-9C11-F16AD18F602F}.Release|x86.ActiveCfg = Release|Any CPU
		{21589FA6-F58F-4E05-9C11-F16AD18F602F}.Release|x86.Build.0 = Release|Any CPU
		{B932F7A5-85EB-48FE-9C44-91C6C6002247}.Debug|Any CPU.ActiveCfg = Debug|Any CPU
		{B932F7A5-85EB-48FE-9C44-91C6C6002247}.Debug|Any CPU.Build.0 = Debug|Any CPU
		{B932F7A5-85EB-48FE-9C44-91C6C6002247}.Debug|x64.ActiveCfg = Debug|Any CPU
		{B932F7A5-85EB-48FE-9C44-91C6C6002247}.Debug|x64.Build.0 = Debug|Any CPU
		{B932F7A5-85EB-48FE-9C44-91C6C6002247}.Debug|x86.ActiveCfg = Debug|Any CPU
		{B932F7A5-85EB-48FE-9C44-91C6C6002247}.Debug|x86.Build.0 = Debug|Any CPU
		{B932F7A5-85EB-48FE-9C44-91C6C6002247}.Release|Any CPU.ActiveCfg = Release|Any CPU
		{B932F7A5-85EB-48FE-9C44-91C6C6002247}.Release|Any CPU.Build.0 = Release|Any CPU
		{B932F7A5-85EB-48FE-9C44-91C6C6002247}.Release|x64.ActiveCfg = Release|Any CPU
		{B932F7A5-85EB-48FE-9C44-91C6C6002247}.Release|x64.Build.0 = Release|Any CPU
		{B932F7A5-85EB-48FE-9C44-91C6C6002247}.Release|x86.ActiveCfg = Release|Any CPU
		{B932F7A5-85EB-48FE-9C44-91C6C6002247}.Release|x86.Build.0 = Release|Any CPU
		{E10A961F-BDA8-4BCD-870E-AABECF84F22B}.Debug|Any CPU.ActiveCfg = Debug|Any CPU
		{E10A961F-BDA8-4BCD-870E-AABECF84F22B}.Debug|Any CPU.Build.0 = Debug|Any CPU
		{E10A961F-BDA8-4BCD-870E-AABECF84F22B}.Debug|x64.ActiveCfg = Debug|Any CPU
		{E10A961F-BDA8-4BCD-870E-AABECF84F22B}.Debug|x64.Build.0 = Debug|Any CPU
		{E10A961F-BDA8-4BCD-870E-AABECF84F22B}.Debug|x86.ActiveCfg = Debug|Any CPU
		{E10A961F-BDA8-4BCD-870E-AABECF84F22B}.Debug|x86.Build.0 = Debug|Any CPU
		{E10A961F-BDA8-4BCD-870E-AABECF84F22B}.Release|Any CPU.ActiveCfg = Release|Any CPU
		{E10A961F-BDA8-4BCD-870E-AABECF84F22B}.Release|Any CPU.Build.0 = Release|Any CPU
		{E10A961F-BDA8-4BCD-870E-AABECF84F22B}.Release|x64.ActiveCfg = Release|Any CPU
		{E10A961F-BDA8-4BCD-870E-AABECF84F22B}.Release|x64.Build.0 = Release|Any CPU
		{E10A961F-BDA8-4BCD-870E-AABECF84F22B}.Release|x86.ActiveCfg = Release|Any CPU
		{E10A961F-BDA8-4BCD-870E-AABECF84F22B}.Release|x86.Build.0 = Release|Any CPU
		{AD0C8690-291E-446F-928D-B1F6C0361202}.Debug|Any CPU.ActiveCfg = Debug|Any CPU
		{AD0C8690-291E-446F-928D-B1F6C0361202}.Debug|Any CPU.Build.0 = Debug|Any CPU
		{AD0C8690-291E-446F-928D-B1F6C0361202}.Debug|x64.ActiveCfg = Debug|Any CPU
		{AD0C8690-291E-446F-928D-B1F6C0361202}.Debug|x64.Build.0 = Debug|Any CPU
		{AD0C8690-291E-446F-928D-B1F6C0361202}.Debug|x86.ActiveCfg = Debug|Any CPU
		{AD0C8690-291E-446F-928D-B1F6C0361202}.Debug|x86.Build.0 = Debug|Any CPU
		{AD0C8690-291E-446F-928D-B1F6C0361202}.Release|Any CPU.ActiveCfg = Release|Any CPU
		{AD0C8690-291E-446F-928D-B1F6C0361202}.Release|Any CPU.Build.0 = Release|Any CPU
		{AD0C8690-291E-446F-928D-B1F6C0361202}.Release|x64.ActiveCfg = Release|Any CPU
		{AD0C8690-291E-446F-928D-B1F6C0361202}.Release|x64.Build.0 = Release|Any CPU
		{AD0C8690-291E-446F-928D-B1F6C0361202}.Release|x86.ActiveCfg = Release|Any CPU
		{AD0C8690-291E-446F-928D-B1F6C0361202}.Release|x86.Build.0 = Release|Any CPU
		{6273B08F-6544-415A-BED2-5A260BCE6BF6}.Debug|Any CPU.ActiveCfg = Debug|Any CPU
		{6273B08F-6544-415A-BED2-5A260BCE6BF6}.Debug|Any CPU.Build.0 = Debug|Any CPU
		{6273B08F-6544-415A-BED2-5A260BCE6BF6}.Debug|x64.ActiveCfg = Debug|Any CPU
		{6273B08F-6544-415A-BED2-5A260BCE6BF6}.Debug|x64.Build.0 = Debug|Any CPU
		{6273B08F-6544-415A-BED2-5A260BCE6BF6}.Debug|x86.ActiveCfg = Debug|Any CPU
		{6273B08F-6544-415A-BED2-5A260BCE6BF6}.Debug|x86.Build.0 = Debug|Any CPU
		{6273B08F-6544-415A-BED2-5A260BCE6BF6}.Release|Any CPU.ActiveCfg = Release|Any CPU
		{6273B08F-6544-415A-BED2-5A260BCE6BF6}.Release|Any CPU.Build.0 = Release|Any CPU
		{6273B08F-6544-415A-BED2-5A260BCE6BF6}.Release|x64.ActiveCfg = Release|Any CPU
		{6273B08F-6544-415A-BED2-5A260BCE6BF6}.Release|x64.Build.0 = Release|Any CPU
		{6273B08F-6544-415A-BED2-5A260BCE6BF6}.Release|x86.ActiveCfg = Release|Any CPU
		{6273B08F-6544-415A-BED2-5A260BCE6BF6}.Release|x86.Build.0 = Release|Any CPU
		{AAB34FB0-8383-49E9-AB8F-8108F06DAD04}.Debug|Any CPU.ActiveCfg = Debug|Any CPU
		{AAB34FB0-8383-49E9-AB8F-8108F06DAD04}.Debug|Any CPU.Build.0 = Debug|Any CPU
		{AAB34FB0-8383-49E9-AB8F-8108F06DAD04}.Debug|x64.ActiveCfg = Debug|Any CPU
		{AAB34FB0-8383-49E9-AB8F-8108F06DAD04}.Debug|x64.Build.0 = Debug|Any CPU
		{AAB34FB0-8383-49E9-AB8F-8108F06DAD04}.Debug|x86.ActiveCfg = Debug|Any CPU
		{AAB34FB0-8383-49E9-AB8F-8108F06DAD04}.Debug|x86.Build.0 = Debug|Any CPU
		{AAB34FB0-8383-49E9-AB8F-8108F06DAD04}.Release|Any CPU.ActiveCfg = Release|Any CPU
		{AAB34FB0-8383-49E9-AB8F-8108F06DAD04}.Release|Any CPU.Build.0 = Release|Any CPU
		{AAB34FB0-8383-49E9-AB8F-8108F06DAD04}.Release|x64.ActiveCfg = Release|Any CPU
		{AAB34FB0-8383-49E9-AB8F-8108F06DAD04}.Release|x64.Build.0 = Release|Any CPU
		{AAB34FB0-8383-49E9-AB8F-8108F06DAD04}.Release|x86.ActiveCfg = Release|Any CPU
		{AAB34FB0-8383-49E9-AB8F-8108F06DAD04}.Release|x86.Build.0 = Release|Any CPU
	EndGlobalSection
	GlobalSection(SolutionProperties) = preSolution
		HideSolutionNode = FALSE
	EndGlobalSection
	GlobalSection(NestedProjects) = preSolution
		{70862A32-B46D-D17D-2CA0-681382A1F33E} = {5854FF58-B8C5-05C6-5BF2-ACE42193F22B}
		{B349B62F-8411-4100-8360-6551A277183C} = {70862A32-B46D-D17D-2CA0-681382A1F33E}
		{EB7D9A22-4A70-4EDB-B7F3-4FB053B108DD} = {70862A32-B46D-D17D-2CA0-681382A1F33E}
		{77C08F78-08AD-4525-8380-B202E59D6B89} = {70862A32-B46D-D17D-2CA0-681382A1F33E}
		{85E3A286-880E-ADB0-5CF2-3F1BDB3A4229} = {4F52FD11-658E-A102-6CD3-7D7C16FFA15B}
		{53047D5F-0E09-4172-BEDC-DD30A2F93905} = {70862A32-B46D-D17D-2CA0-681382A1F33E}
		{80116189-D5F9-D6EC-C98D-5F7DB2F1B3A1} = {4F52FD11-658E-A102-6CD3-7D7C16FFA15B}
		{14012469-413C-EC96-4B82-6FF41C8EFF15} = {5854FF58-B8C5-05C6-5BF2-ACE42193F22B}
		{8D947A13-F4D6-4913-8CC2-8674BC4E358C} = {14012469-413C-EC96-4B82-6FF41C8EFF15}
		{C7B8AEDA-B105-4283-9682-F118692F4539} = {14012469-413C-EC96-4B82-6FF41C8EFF15}
		{84FABC57-E7D3-4049-A8CE-B9004E97867F} = {14012469-413C-EC96-4B82-6FF41C8EFF15}
		{642139FC-C98C-447F-8F63-D3EE034D1DAC} = {14012469-413C-EC96-4B82-6FF41C8EFF15}
		{9CE33038-EE04-D826-E8A4-4E6CC46E0039} = {5854FF58-B8C5-05C6-5BF2-ACE42193F22B}
		{F36F8B15-17B0-463A-9C5F-36A5937D231E} = {9CE33038-EE04-D826-E8A4-4E6CC46E0039}
		{E52FCD47-D251-49A9-9104-E7BDBA877A45} = {9CE33038-EE04-D826-E8A4-4E6CC46E0039}
		{D385794E-2D09-4C98-BD10-304F59C889FB} = {9CE33038-EE04-D826-E8A4-4E6CC46E0039}
		{E8D8D8F4-864C-4886-B387-113BFC5416CA} = {9CE33038-EE04-D826-E8A4-4E6CC46E0039}
		{4740E5FA-A2A4-84FB-DF21-6764C31F1CEA} = {5854FF58-B8C5-05C6-5BF2-ACE42193F22B}
		{9EBC2F13-7F7F-4A49-BC0A-71544C713BC1} = {4740E5FA-A2A4-84FB-DF21-6764C31F1CEA}
		{AACE73D2-51A8-447E-AAD5-3D64FBA96C8C} = {4740E5FA-A2A4-84FB-DF21-6764C31F1CEA}
		{21589FA6-F58F-4E05-9C11-F16AD18F602F} = {4740E5FA-A2A4-84FB-DF21-6764C31F1CEA}
		{B932F7A5-85EB-48FE-9C44-91C6C6002247} = {4740E5FA-A2A4-84FB-DF21-6764C31F1CEA}
		{2F30F69F-5640-A864-2988-55B25EB7E9A0} = {5854FF58-B8C5-05C6-5BF2-ACE42193F22B}
		{E10A961F-BDA8-4BCD-870E-AABECF84F22B} = {2F30F69F-5640-A864-2988-55B25EB7E9A0}
		{AD0C8690-291E-446F-928D-B1F6C0361202} = {2F30F69F-5640-A864-2988-55B25EB7E9A0}
		{6273B08F-6544-415A-BED2-5A260BCE6BF6} = {2F30F69F-5640-A864-2988-55B25EB7E9A0}
		{AAB34FB0-8383-49E9-AB8F-8108F06DAD04} = {2F30F69F-5640-A864-2988-55B25EB7E9A0}
	EndGlobalSection
EndGlobal
